<?xml version="1.0" encoding="utf-8"?>
<Project ToolsVersion="4.0" xmlns="http://schemas.microsoft.com/developer/msbuild/2003">
  <ItemGroup>
    <Filter Include="Octree">
      <UniqueIdentifier>{53e40136-e7bf-46c5-a4f7-9fd6267ce8c5}</UniqueIdentifier>
    </Filter>
    <Filter Include="DllApi">
      <UniqueIdentifier>{ed08dab1-1301-4c98-a36e-c02849cb2078}</UniqueIdentifier>
    </Filter>
  </ItemGroup>
  <ItemGroup>
    <ClCompile Include="src\octree.cpp">
      <Filter>Octree</Filter>
    </ClCompile>
    <ClCompile Include="src\octree_api.cpp">
      <Filter>DllApi</Filter>
    </ClCompile>
  </ItemGroup>
  <ItemGroup>
    <ClInclude Include="include\octree.hpp">
      <Filter>Octree</Filter>
    </ClInclude>
    <ClInclude Include="include\octree_api.hpp">
      <Filter>DllApi</Filter>
    </ClInclude>
  </ItemGroup>
  <ItemGroup>
    <CustomBuild Include="Octree64.asm" />
  </ItemGroup>
  <ItemGroup>
    <None Include="src\Octree32.asm">
      <Filter>Octree</Filter>
    </None>
    <None Include="src\Octree64.asm">
      <Filter>Octree</Filter>
    </None>
  </ItemGroup>
</Project>